
Microsoft Visual Studio Solution File, Format Version 12.00
# Visual Studio 14
VisualStudioVersion = 14.0.25420.1
MinimumVisualStudioVersion = 10.0.40219.1
Project("{FAE04EC0-301F-11D3-BF4B-00C04F79EFBC}") = "TService", "TService\TService.csproj", "{B52A8C4E-B115-46F9-A5B1-76B2829BA344}"
EndProject
Project("{FAE04EC0-301F-11D3-BF4B-00C04F79EFBC}") = "ToService", "ToService\ToService.csproj", "{BD7C6A7F-1366-494C-B7CE-1C5134361359}"
EndProject
Global
	GlobalSection(SolutionConfigurationPlatforms) = preSolution
		Debug|Any CPU = Debug|Any CPU
		Release|Any CPU = Release|Any CPU
	EndGlobalSection
	GlobalSection(ProjectConfigurationPlatforms) = postSolution
		{B52A8C4E-B115-46F9-A5B1-76B2829BA344}.Debug|Any CPU.ActiveCfg = Debug|Any CPU
		{B52A8C4E-B115-46F9-A5B1-76B2829BA344}.Debug|Any CPU.Build.0 = Debug|Any CPU
		{B52A8C4E-B115-46F9-A5B1-76B2829BA344}.Release|Any CPU.ActiveCfg = Release|Any CPU
		{B52A8C4E-B115-46F9-A5B1-76B2829BA344}.Release|Any CPU.Build.0 = Release|Any CPU
		{BD7C6A7F-1366-494C-B7CE-1C5134361359}.Debug|Any CPU.ActiveCfg = Debug|Any CPU
		{BD7C6A7F-1366-494C-B7CE-1C5134361359}.Debug|Any CPU.Build.0 = Debug|Any CPU
		{BD7C6A7F-1366-494C-B7CE-1C5134361359}.Release|Any CPU.ActiveCfg = Release|Any CPU
		{BD7C6A7F-1366-494C-B7CE-1C5134361359}.Release|Any CPU.Build.0 = Release|Any CPU
	EndGlobalSection
	GlobalSection(SolutionProperties) = preSolution
		HideSolutionNode = FALSE
	EndGlobalSection
EndGlobal
